
Microsoft Visual Studio Solution File, Format Version 12.00
Project("{FAE04EC0-301F-11D3-BF4B-00C04F79EFBC}") = "API", "src\API\API.csproj", "{0B35657B-386C-4ADB-9433-DBF8D222FC98}"
EndProject
Project("{FAE04EC0-301F-11D3-BF4B-00C04F79EFBC}") = "Models", "src\Models\Models.csproj", "{E3FFF6EF-9543-40BA-A142-95A273BA7566}"
EndProject
Project("{FAE04EC0-301F-11D3-BF4B-00C04F79EFBC}") = "ClientModels", "src\ClientModels\ClientModels.csproj", "{C62260DF-0129-4FF6-AC8C-9D4CC89F75B7}"
EndProject
Project("{FAE04EC0-301F-11D3-BF4B-00C04F79EFBC}") = "Client", "src\Client\Client.csproj", "{1A3DA48F-8CE5-4FF7-BBDB-849AF8E63613}"
EndProject
Global
	GlobalSection(SolutionConfigurationPlatforms) = preSolution
		Debug|Any CPU = Debug|Any CPU
		Release|Any CPU = Release|Any CPU
	EndGlobalSection
	GlobalSection(ProjectConfigurationPlatforms) = postSolution
		{0B35657B-386C-4ADB-9433-DBF8D222FC98}.Debug|Any CPU.ActiveCfg = Debug|Any CPU
		{0B35657B-386C-4ADB-9433-DBF8D222FC98}.Debug|Any CPU.Build.0 = Debug|Any CPU
		{0B35657B-386C-4ADB-9433-DBF8D222FC98}.Release|Any CPU.ActiveCfg = Release|Any CPU
		{0B35657B-386C-4ADB-9433-DBF8D222FC98}.Release|Any CPU.Build.0 = Release|Any CPU
		{E3FFF6EF-9543-40BA-A142-95A273BA7566}.Debug|Any CPU.ActiveCfg = Debug|Any CPU
		{E3FFF6EF-9543-40BA-A142-95A273BA7566}.Debug|Any CPU.Build.0 = Debug|Any CPU
		{E3FFF6EF-9543-40BA-A142-95A273BA7566}.Release|Any CPU.ActiveCfg = Release|Any CPU
		{E3FFF6EF-9543-40BA-A142-95A273BA7566}.Release|Any CPU.Build.0 = Release|Any CPU
		{C62260DF-0129-4FF6-AC8C-9D4CC89F75B7}.Debug|Any CPU.ActiveCfg = Debug|Any CPU
		{C62260DF-0129-4FF6-AC8C-9D4CC89F75B7}.Debug|Any CPU.Build.0 = Debug|Any CPU
		{C62260DF-0129-4FF6-AC8C-9D4CC89F75B7}.Release|Any CPU.ActiveCfg = Release|Any CPU
		{C62260DF-0129-4FF6-AC8C-9D4CC89F75B7}.Release|Any CPU.Build.0 = Release|Any CPU
		{1A3DA48F-8CE5-4FF7-BBDB-849AF8E63613}.Debug|Any CPU.ActiveCfg = Debug|Any CPU
		{1A3DA48F-8CE5-4FF7-BBDB-849AF8E63613}.Debug|Any CPU.Build.0 = Debug|Any CPU
		{1A3DA48F-8CE5-4FF7-BBDB-849AF8E63613}.Release|Any CPU.ActiveCfg = Release|Any CPU
		{1A3DA48F-8CE5-4FF7-BBDB-849AF8E63613}.Release|Any CPU.Build.0 = Release|Any CPU
	EndGlobalSection
EndGlobal
